
Microsoft Visual Studio Solution File, Format Version 12.00
# Visual Studio Version 16
VisualStudioVersion = 16.0.31702.278
MinimumVisualStudioVersion = 10.0.40219.1
Project("{FAE04EC0-301F-11D3-BF4B-00C04F79EFBC}") = "lab7WpfApp", "lab7WpfApp\lab7WpfApp.csproj", "{B537A14A-1342-4F81-B34C-709AF0D5E672}"
EndProject
Global
	GlobalSection(SolutionConfigurationPlatforms) = preSolution
		Debug|Any CPU = Debug|Any CPU
		Release|Any CPU = Release|Any CPU
	EndGlobalSection
	GlobalSection(ProjectConfigurationPlatforms) = postSolution
		{B537A14A-1342-4F81-B34C-709AF0D5E672}.Debug|Any CPU.ActiveCfg = Debug|Any CPU
		{B537A14A-1342-4F81-B34C-709AF0D5E672}.Debug|Any CPU.Build.0 = Debug|Any CPU
		{B537A14A-1342-4F81-B34C-709AF0D5E672}.Release|Any CPU.ActiveCfg = Release|Any CPU
		{B537A14A-1342-4F81-B34C-709AF0D5E672}.Release|Any CPU.Build.0 = Release|Any CPU
	EndGlobalSection
	GlobalSection(SolutionProperties) = preSolution
		HideSolutionNode = FALSE
	EndGlobalSection
	GlobalSection(ExtensibilityGlobals) = postSolution
		SolutionGuid = {C93C929B-BAAB-4833-AC24-2F1449D270AA}
	EndGlobalSection
EndGlobal
